// !$*UTF8*$!
{
	archiveVersion = 1;
	classes = {
	};
	objectVersion = 48;
	objects = {

/* Begin PBXBuildFile section */
		366BF3CAB724FD9BCF935E21 /* Pods_LovketListTests.framework in Frameworks */ = {isa = PBXBuildFile; fileRef = 3A19D04A6688641FFEA07856 /* Pods_LovketListTests.framework */; };
		7BA4DFC3DCD37C139A66BA6D /* Pods_LovketListUITests.framework in Frameworks */ = {isa = PBXBuildFile; fileRef = 2D4E39D7C9DD363A83556730 /* Pods_LovketListUITests.framework */; };
		CDA832DEFA4D779629828F5F /* Pods_LovketList.framework in Frameworks */ = {isa = PBXBuildFile; fileRef = B938216F32A723B8F4DD76EF /* Pods_LovketList.framework */; };
		CF6A40E70E43AA0D27C82AB3 /* UserRepository.swift in Sources */ = {isa = PBXBuildFile; fileRef = CF6A4CF3EE7008CFD483D93F /* UserRepository.swift */; };
		CF6A4340413738B166B09167 /* AuthManager.swift in Sources */ = {isa = PBXBuildFile; fileRef = CF6A472A488F005C72A87370 /* AuthManager.swift */; };
		CF6A4455AD9A207F3ABB65C5 /* Lovket.swift in Sources */ = {isa = PBXBuildFile; fileRef = CF6A4655CFBFC8702AAB8EB9 /* Lovket.swift */; };
		CF6A4CDBC7B111BDAEEFAB79 /* User.swift in Sources */ = {isa = PBXBuildFile; fileRef = CF6A4D33E6AA690108651427 /* User.swift */; };
		CF6A4D25A2983D593AE8A638 /* LovketRepository.swift in Sources */ = {isa = PBXBuildFile; fileRef = CF6A43D35646260662F0235B /* LovketRepository.swift */; };
		FF1A90081FCDC92500853E00 /* AddViewController.swift in Sources */ = {isa = PBXBuildFile; fileRef = FF1A90071FCDC92500853E00 /* AddViewController.swift */; };
		FF1D53D21FCACE1E00F09847 /* ListContainerViewController.swift in Sources */ = {isa = PBXBuildFile; fileRef = FF1D53D11FCACE1E00F09847 /* ListContainerViewController.swift */; };
		FF1D53D41FCACE4D00F09847 /* NotificationDrawerViewController.swift in Sources */ = {isa = PBXBuildFile; fileRef = FF1D53D31FCACE4D00F09847 /* NotificationDrawerViewController.swift */; };
		FF1D53D61FCACE6400F09847 /* NavigationDrawerViewController.swift in Sources */ = {isa = PBXBuildFile; fileRef = FF1D53D51FCACE6400F09847 /* NavigationDrawerViewController.swift */; };
		FF2E84E71FC7E0EB008F16F4 /* Localizable.strings in Resources */ = {isa = PBXBuildFile; fileRef = FF2E84E91FC7E0EB008F16F4 /* Localizable.strings */; };
		FF3FDD511FC4552000668A10 /* MoreListViewController.swift in Sources */ = {isa = PBXBuildFile; fileRef = FF3FDD501FC4552000668A10 /* MoreListViewController.swift */; };
		FF5439991FC92A8C00486D5F /* LovketHeaderItemCell.swift in Sources */ = {isa = PBXBuildFile; fileRef = FF5439981FC92A8C00486D5F /* LovketHeaderItemCell.swift */; };
		FF6EC59B1FCDAA2000817A7E /* ImageSaver.swift in Sources */ = {isa = PBXBuildFile; fileRef = FF6EC59A1FCDAA2000817A7E /* ImageSaver.swift */; };
		FF72C7ED1FCE75DE00E52FE1 /* CalendarUtil.swift in Sources */ = {isa = PBXBuildFile; fileRef = FF72C7EC1FCE75DE00E52FE1 /* CalendarUtil.swift */; };
		FF7421DC1FCC7BCF0022214A /* CheckGroupViewController.swift in Sources */ = {isa = PBXBuildFile; fileRef = FF7421DB1FCC7BCF0022214A /* CheckGroupViewController.swift */; };
		FF7421DF1FCD05B30022214A /* GoogleService-Info.plist in Resources */ = {isa = PBXBuildFile; fileRef = FF7421DD1FCD05A70022214A /* GoogleService-Info.plist */; };
		FF7421E11FCD579A0022214A /* DetailViewController.swift in Sources */ = {isa = PBXBuildFile; fileRef = FF7421E01FCD579A0022214A /* DetailViewController.swift */; };
		FF92F27F1FD0002800AD1428 /* InjectableModules.swift in Sources */ = {isa = PBXBuildFile; fileRef = FF92F27E1FD0002800AD1428 /* InjectableModules.swift */; };
		FFC1FED71FC405FA001E514D /* Module.swift in Sources */ = {isa = PBXBuildFile; fileRef = FFC1FED61FC405FA001E514D /* Module.swift */; };
		FFC1FEDB1FC40708001E514D /* InjectableStoryboards.swift in Sources */ = {isa = PBXBuildFile; fileRef = FFC1FEDA1FC40708001E514D /* InjectableStoryboards.swift */; };
		FFC1FEDD1FC42823001E514D /* UIExt.swift in Sources */ = {isa = PBXBuildFile; fileRef = FFC1FEDC1FC42823001E514D /* UIExt.swift */; };
		FFC73ABF1FC28F5200C95C35 /* AppDelegate.swift in Sources */ = {isa = PBXBuildFile; fileRef = FFC73ABE1FC28F5200C95C35 /* AppDelegate.swift */; };
		FFC73AC11FC28F5200C95C35 /* LoginViewController.swift in Sources */ = {isa = PBXBuildFile; fileRef = FFC73AC01FC28F5200C95C35 /* LoginViewController.swift */; };
		FFC73AC41FC28F5200C95C35 /* Main.storyboard in Resources */ = {isa = PBXBuildFile; fileRef = FFC73AC21FC28F5200C95C35 /* Main.storyboard */; };
		FFC73AC61FC28F5200C95C35 /* Assets.xcassets in Resources */ = {isa = PBXBuildFile; fileRef = FFC73AC51FC28F5200C95C35 /* Assets.xcassets */; };
		FFC73AC91FC28F5200C95C35 /* LaunchScreen.storyboard in Resources */ = {isa = PBXBuildFile; fileRef = FFC73AC71FC28F5200C95C35 /* LaunchScreen.storyboard */; };
		FFC73AD41FC28F5300C95C35 /* LovketListTests.swift in Sources */ = {isa = PBXBuildFile; fileRef = FFC73AD31FC28F5300C95C35 /* LovketListTests.swift */; };
		FFC73ADF1FC28F5300C95C35 /* LovketListUITests.swift in Sources */ = {isa = PBXBuildFile; fileRef = FFC73ADE1FC28F5300C95C35 /* LovketListUITests.swift */; };
		FFC73AF51FC3D95500C95C35 /* MainViewController.swift in Sources */ = {isa = PBXBuildFile; fileRef = FFC73AF41FC3D95500C95C35 /* MainViewController.swift */; };
		FFC73AF71FC3D98200C95C35 /* DependencyInjector.swift in Sources */ = {isa = PBXBuildFile; fileRef = FFC73AF61FC3D98200C95C35 /* DependencyInjector.swift */; };
		FFCBC20F1FCA84A900925441 /* DummyData.swift in Sources */ = {isa = PBXBuildFile; fileRef = FFCBC20E1FCA84A900925441 /* DummyData.swift */; };
		FFD66A401FC5C7C900BB4EF6 /* Group.swift in Sources */ = {isa = PBXBuildFile; fileRef = FFD66A3F1FC5C7C900BB4EF6 /* Group.swift */; };
		FFD66A421FC5C83800BB4EF6 /* FirebaseModel.swift in Sources */ = {isa = PBXBuildFile; fileRef = FFD66A411FC5C83800BB4EF6 /* FirebaseModel.swift */; };
		FFD66A491FC5CAAA00BB4EF6 /* FirebaseExt.swift in Sources */ = {isa = PBXBuildFile; fileRef = FFD66A481FC5CAAA00BB4EF6 /* FirebaseExt.swift */; };
		FFD66A4B1FC5CD1600BB4EF6 /* GroupRepository.swift in Sources */ = {isa = PBXBuildFile; fileRef = FFD66A4A1FC5CD1600BB4EF6 /* GroupRepository.swift */; };
		FFEACAAF1FCC13E10083C3A3 /* GradientView.swift in Sources */ = {isa = PBXBuildFile; fileRef = FFEACAAE1FCC13E10083C3A3 /* GradientView.swift */; };
		FFEC50901FC8FC7500B713CA /* LovketListItemCell.swift in Sources */ = {isa = PBXBuildFile; fileRef = FFEC508F1FC8FC7500B713CA /* LovketListItemCell.swift */; };
		FFFAD5591FC7DE5B0040BF1F /* StringExt.swift in Sources */ = {isa = PBXBuildFile; fileRef = FFFAD5581FC7DE5B0040BF1F /* StringExt.swift */; };
/* End PBXBuildFile section */

/* Begin PBXContainerItemProxy section */
		FFC73AD01FC28F5300C95C35 /* PBXContainerItemProxy */ = {
			isa = PBXContainerItemProxy;
			containerPortal = FFC73AB31FC28F5200C95C35 /* Project object */;
			proxyType = 1;
			remoteGlobalIDString = FFC73ABA1FC28F5200C95C35;
			remoteInfo = LovketList;
		};
		FFC73ADB1FC28F5300C95C35 /* PBXContainerItemProxy */ = {
			isa = PBXContainerItemProxy;
			containerPortal = FFC73AB31FC28F5200C95C35 /* Project object */;
			proxyType = 1;
			remoteGlobalIDString = FFC73ABA1FC28F5200C95C35;
			remoteInfo = LovketList;
		};
/* End PBXContainerItemProxy section */

/* Begin PBXFileReference section */
		058A2CC9586F17D5D9302E57 /* Pods-LovketListTests.release.xcconfig */ = {isa = PBXFileReference; includeInIndex = 1; lastKnownFileType = text.xcconfig; name = "Pods-LovketListTests.release.xcconfig"; path = "Pods/Target Support Files/Pods-LovketListTests/Pods-LovketListTests.release.xcconfig"; sourceTree = "<group>"; };
		0A96244942EAB1670BD29EDA /* Pods-LovketListUITests.debug.xcconfig */ = {isa = PBXFileReference; includeInIndex = 1; lastKnownFileType = text.xcconfig; name = "Pods-LovketListUITests.debug.xcconfig"; path = "Pods/Target Support Files/Pods-LovketListUITests/Pods-LovketListUITests.debug.xcconfig"; sourceTree = "<group>"; };
		2901447AF2DABA1C0097E3B1 /* Pods-LovketList.debug.xcconfig */ = {isa = PBXFileReference; includeInIndex = 1; lastKnownFileType = text.xcconfig; name = "Pods-LovketList.debug.xcconfig"; path = "Pods/Target Support Files/Pods-LovketList/Pods-LovketList.debug.xcconfig"; sourceTree = "<group>"; };
		2D4E39D7C9DD363A83556730 /* Pods_LovketListUITests.framework */ = {isa = PBXFileReference; explicitFileType = wrapper.framework; includeInIndex = 0; path = Pods_LovketListUITests.framework; sourceTree = BUILT_PRODUCTS_DIR; };
		3A19D04A6688641FFEA07856 /* Pods_LovketListTests.framework */ = {isa = PBXFileReference; explicitFileType = wrapper.framework; includeInIndex = 0; path = Pods_LovketListTests.framework; sourceTree = BUILT_PRODUCTS_DIR; };
		6726FABCAB41FBA3D22A29F8 /* Pods-LovketListUITests.release.xcconfig */ = {isa = PBXFileReference; includeInIndex = 1; lastKnownFileType = text.xcconfig; name = "Pods-LovketListUITests.release.xcconfig"; path = "Pods/Target Support Files/Pods-LovketListUITests/Pods-LovketListUITests.release.xcconfig"; sourceTree = "<group>"; };
		9109914BE25B686C8688A61D /* Pods-LovketListTests.debug.xcconfig */ = {isa = PBXFileReference; includeInIndex = 1; lastKnownFileType = text.xcconfig; name = "Pods-LovketListTests.debug.xcconfig"; path = "Pods/Target Support Files/Pods-LovketListTests/Pods-LovketListTests.debug.xcconfig"; sourceTree = "<group>"; };
		B938216F32A723B8F4DD76EF /* Pods_LovketList.framework */ = {isa = PBXFileReference; explicitFileType = wrapper.framework; includeInIndex = 0; path = Pods_LovketList.framework; sourceTree = BUILT_PRODUCTS_DIR; };
		C32B53EDD06F5D4B6D5BD326 /* Pods-LovketList.release.xcconfig */ = {isa = PBXFileReference; includeInIndex = 1; lastKnownFileType = text.xcconfig; name = "Pods-LovketList.release.xcconfig"; path = "Pods/Target Support Files/Pods-LovketList/Pods-LovketList.release.xcconfig"; sourceTree = "<group>"; };
		CF6A43D35646260662F0235B /* LovketRepository.swift */ = {isa = PBXFileReference; fileEncoding = 4; lastKnownFileType = sourcecode.swift; path = LovketRepository.swift; sourceTree = "<group>"; };
		CF6A4655CFBFC8702AAB8EB9 /* Lovket.swift */ = {isa = PBXFileReference; fileEncoding = 4; lastKnownFileType = sourcecode.swift; path = Lovket.swift; sourceTree = "<group>"; };
		CF6A472A488F005C72A87370 /* AuthManager.swift */ = {isa = PBXFileReference; fileEncoding = 4; lastKnownFileType = sourcecode.swift; path = AuthManager.swift; sourceTree = "<group>"; };
		CF6A4CF3EE7008CFD483D93F /* UserRepository.swift */ = {isa = PBXFileReference; fileEncoding = 4; lastKnownFileType = sourcecode.swift; path = UserRepository.swift; sourceTree = "<group>"; };
		CF6A4D33E6AA690108651427 /* User.swift */ = {isa = PBXFileReference; fileEncoding = 4; lastKnownFileType = sourcecode.swift; path = User.swift; sourceTree = "<group>"; };
		FF1A90071FCDC92500853E00 /* AddViewController.swift */ = {isa = PBXFileReference; lastKnownFileType = sourcecode.swift; path = AddViewController.swift; sourceTree = "<group>"; };
		FF1D53D11FCACE1E00F09847 /* ListContainerViewController.swift */ = {isa = PBXFileReference; lastKnownFileType = sourcecode.swift; path = ListContainerViewController.swift; sourceTree = "<group>"; };
		FF1D53D31FCACE4D00F09847 /* NotificationDrawerViewController.swift */ = {isa = PBXFileReference; lastKnownFileType = sourcecode.swift; path = NotificationDrawerViewController.swift; sourceTree = "<group>"; };
		FF1D53D51FCACE6400F09847 /* NavigationDrawerViewController.swift */ = {isa = PBXFileReference; lastKnownFileType = sourcecode.swift; path = NavigationDrawerViewController.swift; sourceTree = "<group>"; };
		FF2E84E81FC7E0EB008F16F4 /* ko */ = {isa = PBXFileReference; lastKnownFileType = text.plist.strings; name = ko; path = ko.lproj/Localizable.strings; sourceTree = "<group>"; };
		FF2E84EA1FC7E0EF008F16F4 /* en */ = {isa = PBXFileReference; lastKnownFileType = text.plist.strings; name = en; path = en.lproj/Localizable.strings; sourceTree = "<group>"; };
		FF3FDD501FC4552000668A10 /* MoreListViewController.swift */ = {isa = PBXFileReference; lastKnownFileType = sourcecode.swift; path = MoreListViewController.swift; sourceTree = "<group>"; };
		FF5439981FC92A8C00486D5F /* LovketHeaderItemCell.swift */ = {isa = PBXFileReference; lastKnownFileType = sourcecode.swift; path = LovketHeaderItemCell.swift; sourceTree = "<group>"; };
		FF6EC59A1FCDAA2000817A7E /* ImageSaver.swift */ = {isa = PBXFileReference; lastKnownFileType = sourcecode.swift; path = ImageSaver.swift; sourceTree = "<group>"; };
		FF72C7EC1FCE75DE00E52FE1 /* CalendarUtil.swift */ = {isa = PBXFileReference; lastKnownFileType = sourcecode.swift; path = CalendarUtil.swift; sourceTree = "<group>"; };
		FF7421DB1FCC7BCF0022214A /* CheckGroupViewController.swift */ = {isa = PBXFileReference; lastKnownFileType = sourcecode.swift; path = CheckGroupViewController.swift; sourceTree = "<group>"; };
		FF7421DD1FCD05A70022214A /* GoogleService-Info.plist */ = {isa = PBXFileReference; fileEncoding = 4; lastKnownFileType = text.plist.xml; name = "GoogleService-Info.plist"; path = "../../../../../Downloads/GoogleService-Info.plist"; sourceTree = "<group>"; };
		FF7421E01FCD579A0022214A /* DetailViewController.swift */ = {isa = PBXFileReference; lastKnownFileType = sourcecode.swift; path = DetailViewController.swift; sourceTree = "<group>"; };
		FF92F27E1FD0002800AD1428 /* InjectableModules.swift */ = {isa = PBXFileReference; lastKnownFileType = sourcecode.swift; path = InjectableModules.swift; sourceTree = "<group>"; };
		FFB217FA1FC7E1E200699F12 /* en */ = {isa = PBXFileReference; lastKnownFileType = text.plist.strings; name = en; path = en.lproj/Main.strings; sourceTree = "<group>"; };
		FFB217FC1FC7E1E800699F12 /* ko */ = {isa = PBXFileReference; lastKnownFileType = text.plist.strings; name = ko; path = ko.lproj/Main.strings; sourceTree = "<group>"; };
		FFC1FED61FC405FA001E514D /* Module.swift */ = {isa = PBXFileReference; lastKnownFileType = sourcecode.swift; path = Module.swift; sourceTree = "<group>"; };
		FFC1FEDA1FC40708001E514D /* InjectableStoryboards.swift */ = {isa = PBXFileReference; lastKnownFileType = sourcecode.swift; path = InjectableStoryboards.swift; sourceTree = "<group>"; };
		FFC1FEDC1FC42823001E514D /* UIExt.swift */ = {isa = PBXFileReference; lastKnownFileType = sourcecode.swift; path = UIExt.swift; sourceTree = "<group>"; };
		FFC73ABB1FC28F5200C95C35 /* LovketList.app */ = {isa = PBXFileReference; explicitFileType = wrapper.application; includeInIndex = 0; path = LovketList.app; sourceTree = BUILT_PRODUCTS_DIR; };
		FFC73ABE1FC28F5200C95C35 /* AppDelegate.swift */ = {isa = PBXFileReference; lastKnownFileType = sourcecode.swift; path = AppDelegate.swift; sourceTree = "<group>"; };
		FFC73AC01FC28F5200C95C35 /* LoginViewController.swift */ = {isa = PBXFileReference; lastKnownFileType = sourcecode.swift; path = LoginViewController.swift; sourceTree = "<group>"; };
		FFC73AC31FC28F5200C95C35 /* Base */ = {isa = PBXFileReference; lastKnownFileType = file.storyboard; name = Base; path = Base.lproj/Main.storyboard; sourceTree = "<group>"; };
		FFC73AC51FC28F5200C95C35 /* Assets.xcassets */ = {isa = PBXFileReference; lastKnownFileType = folder.assetcatalog; path = Assets.xcassets; sourceTree = "<group>"; };
		FFC73AC81FC28F5200C95C35 /* Base */ = {isa = PBXFileReference; lastKnownFileType = file.storyboard; name = Base; path = Base.lproj/LaunchScreen.storyboard; sourceTree = "<group>"; };
		FFC73ACA1FC28F5200C95C35 /* Info.plist */ = {isa = PBXFileReference; lastKnownFileType = text.plist.xml; path = Info.plist; sourceTree = "<group>"; };
		FFC73ACF1FC28F5300C95C35 /* LovketListTests.xctest */ = {isa = PBXFileReference; explicitFileType = wrapper.cfbundle; includeInIndex = 0; path = LovketListTests.xctest; sourceTree = BUILT_PRODUCTS_DIR; };
		FFC73AD31FC28F5300C95C35 /* LovketListTests.swift */ = {isa = PBXFileReference; lastKnownFileType = sourcecode.swift; path = LovketListTests.swift; sourceTree = "<group>"; };
		FFC73AD51FC28F5300C95C35 /* Info.plist */ = {isa = PBXFileReference; lastKnownFileType = text.plist.xml; path = Info.plist; sourceTree = "<group>"; };
		FFC73ADA1FC28F5300C95C35 /* LovketListUITests.xctest */ = {isa = PBXFileReference; explicitFileType = wrapper.cfbundle; includeInIndex = 0; path = LovketListUITests.xctest; sourceTree = BUILT_PRODUCTS_DIR; };
		FFC73ADE1FC28F5300C95C35 /* LovketListUITests.swift */ = {isa = PBXFileReference; lastKnownFileType = sourcecode.swift; path = LovketListUITests.swift; sourceTree = "<group>"; };
		FFC73AE01FC28F5300C95C35 /* Info.plist */ = {isa = PBXFileReference; lastKnownFileType = text.plist.xml; path = Info.plist; sourceTree = "<group>"; };
		FFC73AF01FC3CCC500C95C35 /* KakaoOpenSDK.framework */ = {isa = PBXFileReference; lastKnownFileType = wrapper.framework; path = KakaoOpenSDK.framework; sourceTree = "<group>"; };
		FFC73AF41FC3D95500C95C35 /* MainViewController.swift */ = {isa = PBXFileReference; lastKnownFileType = sourcecode.swift; path = MainViewController.swift; sourceTree = "<group>"; };
		FFC73AF61FC3D98200C95C35 /* DependencyInjector.swift */ = {isa = PBXFileReference; lastKnownFileType = sourcecode.swift; path = DependencyInjector.swift; sourceTree = "<group>"; };
		FFCBC20E1FCA84A900925441 /* DummyData.swift */ = {isa = PBXFileReference; lastKnownFileType = sourcecode.swift; path = DummyData.swift; sourceTree = "<group>"; };
		FFD66A381FC58FC700BB4EF6 /* ko */ = {isa = PBXFileReference; lastKnownFileType = text.plist.strings; name = ko; path = ko.lproj/LaunchScreen.strings; sourceTree = "<group>"; };
		FFD66A3A1FC5907B00BB4EF6 /* en */ = {isa = PBXFileReference; lastKnownFileType = text.plist.strings; name = en; path = en.lproj/LaunchScreen.strings; sourceTree = "<group>"; };
		FFD66A3F1FC5C7C900BB4EF6 /* Group.swift */ = {isa = PBXFileReference; lastKnownFileType = sourcecode.swift; path = Group.swift; sourceTree = "<group>"; };
		FFD66A411FC5C83800BB4EF6 /* FirebaseModel.swift */ = {isa = PBXFileReference; lastKnownFileType = sourcecode.swift; path = FirebaseModel.swift; sourceTree = "<group>"; };
		FFD66A481FC5CAAA00BB4EF6 /* FirebaseExt.swift */ = {isa = PBXFileReference; lastKnownFileType = sourcecode.swift; path = FirebaseExt.swift; sourceTree = "<group>"; };
		FFD66A4A1FC5CD1600BB4EF6 /* GroupRepository.swift */ = {isa = PBXFileReference; lastKnownFileType = sourcecode.swift; path = GroupRepository.swift; sourceTree = "<group>"; };
		FFEACAAE1FCC13E10083C3A3 /* GradientView.swift */ = {isa = PBXFileReference; lastKnownFileType = sourcecode.swift; path = GradientView.swift; sourceTree = "<group>"; };
		FFEC508F1FC8FC7500B713CA /* LovketListItemCell.swift */ = {isa = PBXFileReference; lastKnownFileType = sourcecode.swift; path = LovketListItemCell.swift; sourceTree = "<group>"; };
		FFFAD5581FC7DE5B0040BF1F /* StringExt.swift */ = {isa = PBXFileReference; lastKnownFileType = sourcecode.swift; path = StringExt.swift; sourceTree = "<group>"; };
/* End PBXFileReference section */

/* Begin PBXFrameworksBuildPhase section */
		FFC73AB81FC28F5200C95C35 /* Frameworks */ = {
			isa = PBXFrameworksBuildPhase;
			buildActionMask = 2147483647;
			files = (
				CDA832DEFA4D779629828F5F /* Pods_LovketList.framework in Frameworks */,
			);
			runOnlyForDeploymentPostprocessing = 0;
		};
		FFC73ACC1FC28F5300C95C35 /* Frameworks */ = {
			isa = PBXFrameworksBuildPhase;
			buildActionMask = 2147483647;
			files = (
				366BF3CAB724FD9BCF935E21 /* Pods_LovketListTests.framework in Frameworks */,
			);
			runOnlyForDeploymentPostprocessing = 0;
		};
		FFC73AD71FC28F5300C95C35 /* Frameworks */ = {
			isa = PBXFrameworksBuildPhase;
			buildActionMask = 2147483647;
			files = (
				7BA4DFC3DCD37C139A66BA6D /* Pods_LovketListUITests.framework in Frameworks */,
			);
			runOnlyForDeploymentPostprocessing = 0;
		};
/* End PBXFrameworksBuildPhase section */

/* Begin PBXGroup section */
		43B2AE3925720DB3F5AC03CD /* Pods */ = {
			isa = PBXGroup;
			children = (
				2901447AF2DABA1C0097E3B1 /* Pods-LovketList.debug.xcconfig */,
				C32B53EDD06F5D4B6D5BD326 /* Pods-LovketList.release.xcconfig */,
				9109914BE25B686C8688A61D /* Pods-LovketListTests.debug.xcconfig */,
				058A2CC9586F17D5D9302E57 /* Pods-LovketListTests.release.xcconfig */,
				0A96244942EAB1670BD29EDA /* Pods-LovketListUITests.debug.xcconfig */,
				6726FABCAB41FBA3D22A29F8 /* Pods-LovketListUITests.release.xcconfig */,
			);
			name = Pods;
			sourceTree = "<group>";
		};
		CF6A45598EEA7DE900A61D7B /* Domain */ = {
			isa = PBXGroup;
			children = (
				CF6A472A488F005C72A87370 /* AuthManager.swift */,
			);
			path = Domain;
			sourceTree = "<group>";
		};
		CF6A48DA63747C8DF8A57EC4 /* Lovket */ = {
			isa = PBXGroup;
			children = (
				CF6A4655CFBFC8702AAB8EB9 /* Lovket.swift */,
				CF6A43D35646260662F0235B /* LovketRepository.swift */,
			);
			path = Lovket;
			sourceTree = "<group>";
		};
		CF6A4C5DF97D5F54BB074567 /* User */ = {
			isa = PBXGroup;
			children = (
				CF6A4D33E6AA690108651427 /* User.swift */,
				CF6A4CF3EE7008CFD483D93F /* UserRepository.swift */,
			);
			path = User;
			sourceTree = "<group>";
		};
		FE015052B52DE8E079F52E86 /* Frameworks */ = {
			isa = PBXGroup;
			children = (
				FFC73AF01FC3CCC500C95C35 /* KakaoOpenSDK.framework */,
				B938216F32A723B8F4DD76EF /* Pods_LovketList.framework */,
				3A19D04A6688641FFEA07856 /* Pods_LovketListTests.framework */,
				2D4E39D7C9DD363A83556730 /* Pods_LovketListUITests.framework */,
			);
			name = Frameworks;
			sourceTree = "<group>";
		};
		FF1A90051FCDC8E200853E00 /* Main */ = {
			isa = PBXGroup;
			children = (
				FF1D53D11FCACE1E00F09847 /* ListContainerViewController.swift */,
				FF1D53D31FCACE4D00F09847 /* NotificationDrawerViewController.swift */,
				FF1D53D51FCACE6400F09847 /* NavigationDrawerViewController.swift */,
				FF7421E01FCD579A0022214A /* DetailViewController.swift */,
				FFC73AF41FC3D95500C95C35 /* MainViewController.swift */,
				FF3FDD501FC4552000668A10 /* MoreListViewController.swift */,
				FF1A90071FCDC92500853E00 /* AddViewController.swift */,
			);
			path = Main;
			sourceTree = "<group>";
		};
		FF1A90061FCDC8F800853E00 /* Login */ = {
			isa = PBXGroup;
			children = (
				FFC73AC01FC28F5200C95C35 /* LoginViewController.swift */,
				FF7421DB1FCC7BCF0022214A /* CheckGroupViewController.swift */,
			);
			path = Login;
			sourceTree = "<group>";
		};
		FF3FDD4C1FC43D2500668A10 /* Util */ = {
			isa = PBXGroup;
			children = (
				FF6EC59A1FCDAA2000817A7E /* ImageSaver.swift */,
				FFFAD5581FC7DE5B0040BF1F /* StringExt.swift */,
				FFCBC20E1FCA84A900925441 /* DummyData.swift */,
				FF72C7EC1FCE75DE00E52FE1 /* CalendarUtil.swift */,
			);
			path = Util;
			sourceTree = "<group>";
		};
		FF3FDD4F1FC4550B00668A10 /* Screens */ = {
			isa = PBXGroup;
			children = (
				FF1A90061FCDC8F800853E00 /* Login */,
				FF1A90051FCDC8E200853E00 /* Main */,
			);
			path = Screens;
			sourceTree = "<group>";
		};
		FFC73AB21FC28F5200C95C35 = {
			isa = PBXGroup;
			children = (
				FFC73ABD1FC28F5200C95C35 /* LovketList */,
				FFC73AD21FC28F5300C95C35 /* LovketListTests */,
				FFC73ADD1FC28F5300C95C35 /* LovketListUITests */,
				FFC73ABC1FC28F5200C95C35 /* Products */,
				43B2AE3925720DB3F5AC03CD /* Pods */,
				FE015052B52DE8E079F52E86 /* Frameworks */,
			);
			sourceTree = "<group>";
		};
		FFC73ABC1FC28F5200C95C35 /* Products */ = {
			isa = PBXGroup;
			children = (
				FFC73ABB1FC28F5200C95C35 /* LovketList.app */,
				FFC73ACF1FC28F5300C95C35 /* LovketListTests.xctest */,
				FFC73ADA1FC28F5300C95C35 /* LovketListUITests.xctest */,
			);
			name = Products;
			sourceTree = "<group>";
		};
		FFC73ABD1FC28F5200C95C35 /* LovketList */ = {
			isa = PBXGroup;
			children = (
				FFC73AEF1FC2923F00C95C35 /* Sources */,
				FFC73AC21FC28F5200C95C35 /* Main.storyboard */,
				FFC73AC51FC28F5200C95C35 /* Assets.xcassets */,
				FFC73AC71FC28F5200C95C35 /* LaunchScreen.storyboard */,
				FFC73ACA1FC28F5200C95C35 /* Info.plist */,
				FF7421DD1FCD05A70022214A /* GoogleService-Info.plist */,
				FF2E84E91FC7E0EB008F16F4 /* Localizable.strings */,
			);
			path = LovketList;
			sourceTree = "<group>";
		};
		FFC73AD21FC28F5300C95C35 /* LovketListTests */ = {
			isa = PBXGroup;
			children = (
				FFC73AD31FC28F5300C95C35 /* LovketListTests.swift */,
				FFC73AD51FC28F5300C95C35 /* Info.plist */,
			);
			path = LovketListTests;
			sourceTree = "<group>";
		};
		FFC73ADD1FC28F5300C95C35 /* LovketListUITests */ = {
			isa = PBXGroup;
			children = (
				FFC73ADE1FC28F5300C95C35 /* LovketListUITests.swift */,
				FFC73AE01FC28F5300C95C35 /* Info.plist */,
			);
			path = LovketListUITests;
			sourceTree = "<group>";
		};
		FFC73AEC1FC290B000C95C35 /* DI */ = {
			isa = PBXGroup;
			children = (
				FFC73ABE1FC28F5200C95C35 /* AppDelegate.swift */,
				FFC73AF61FC3D98200C95C35 /* DependencyInjector.swift */,
				FFC1FED61FC405FA001E514D /* Module.swift */,
				FFC1FEDA1FC40708001E514D /* InjectableStoryboards.swift */,
				FF92F27E1FD0002800AD1428 /* InjectableModules.swift */,
			);
			path = DI;
			sourceTree = "<group>";
		};
		FFC73AED1FC2921700C95C35 /* Data */ = {
			isa = PBXGroup;
			children = (
				FFD66A451FC5C9E000BB4EF6 /* Group */,
				FFD66A411FC5C83800BB4EF6 /* FirebaseModel.swift */,
				FFD66A481FC5CAAA00BB4EF6 /* FirebaseExt.swift */,
				CF6A4C5DF97D5F54BB074567 /* User */,
				CF6A48DA63747C8DF8A57EC4 /* Lovket */,
			);
			path = Data;
			sourceTree = "<group>";
		};
		FFC73AEE1FC2921F00C95C35 /* UI */ = {
			isa = PBXGroup;
			children = (
				FFEC508E1FC8FC6100B713CA /* View */,
				FF3FDD4F1FC4550B00668A10 /* Screens */,
				FFC1FEDC1FC42823001E514D /* UIExt.swift */,
			);
			path = UI;
			sourceTree = "<group>";
		};
		FFC73AEF1FC2923F00C95C35 /* Sources */ = {
			isa = PBXGroup;
			children = (
				FF3FDD4C1FC43D2500668A10 /* Util */,
				FFC73AEE1FC2921F00C95C35 /* UI */,
				FFC73AED1FC2921700C95C35 /* Data */,
				FFC73AEC1FC290B000C95C35 /* DI */,
				CF6A45598EEA7DE900A61D7B /* Domain */,
			);
			path = Sources;
			sourceTree = "<group>";
		};
		FFD66A451FC5C9E000BB4EF6 /* Group */ = {
			isa = PBXGroup;
			children = (
				FFD66A3F1FC5C7C900BB4EF6 /* Group.swift */,
				FFD66A4A1FC5CD1600BB4EF6 /* GroupRepository.swift */,
			);
			path = Group;
			sourceTree = "<group>";
		};
		FFEC508E1FC8FC6100B713CA /* View */ = {
			isa = PBXGroup;
			children = (
				FFEC508F1FC8FC7500B713CA /* LovketListItemCell.swift */,
				FF5439981FC92A8C00486D5F /* LovketHeaderItemCell.swift */,
				FFEACAAE1FCC13E10083C3A3 /* GradientView.swift */,
			);
			path = View;
			sourceTree = "<group>";
		};
/* End PBXGroup section */

/* Begin PBXNativeTarget section */
		FFC73ABA1FC28F5200C95C35 /* LovketList */ = {
			isa = PBXNativeTarget;
			buildConfigurationList = FFC73AE31FC28F5300C95C35 /* Build configuration list for PBXNativeTarget "LovketList" */;
			buildPhases = (
				7EC3B878AD0724B4A3132EE2 /* [CP] Check Pods Manifest.lock */,
				FFC73AB71FC28F5200C95C35 /* Sources */,
				FFC73AB81FC28F5200C95C35 /* Frameworks */,
				FFC73AB91FC28F5200C95C35 /* Resources */,
				DE098B65828E2CB887B8FAD2 /* [CP] Embed Pods Frameworks */,
				00C83B5DF19E16AF95F293BB /* [CP] Copy Pods Resources */,
			);
			buildRules = (
			);
			dependencies = (
			);
			name = LovketList;
			productName = LovketList;
			productReference = FFC73ABB1FC28F5200C95C35 /* LovketList.app */;
			productType = "com.apple.product-type.application";
		};
		FFC73ACE1FC28F5300C95C35 /* LovketListTests */ = {
			isa = PBXNativeTarget;
			buildConfigurationList = FFC73AE61FC28F5300C95C35 /* Build configuration list for PBXNativeTarget "LovketListTests" */;
			buildPhases = (
				67780797CE11EEDF0E81C256 /* [CP] Check Pods Manifest.lock */,
				FFC73ACB1FC28F5300C95C35 /* Sources */,
				FFC73ACC1FC28F5300C95C35 /* Frameworks */,
				FFC73ACD1FC28F5300C95C35 /* Resources */,
				EBF19CC568E8A51838655B8D /* [CP] Embed Pods Frameworks */,
				3C0A03E796C089ED60AE32DA /* [CP] Copy Pods Resources */,
			);
			buildRules = (
			);
			dependencies = (
				FFC73AD11FC28F5300C95C35 /* PBXTargetDependency */,
			);
			name = LovketListTests;
			productName = LovketListTests;
			productReference = FFC73ACF1FC28F5300C95C35 /* LovketListTests.xctest */;
			productType = "com.apple.product-type.bundle.unit-test";
		};
		FFC73AD91FC28F5300C95C35 /* LovketListUITests */ = {
			isa = PBXNativeTarget;
			buildConfigurationList = FFC73AE91FC28F5300C95C35 /* Build configuration list for PBXNativeTarget "LovketListUITests" */;
			buildPhases = (
				10A266B4B343171B11EE9241 /* [CP] Check Pods Manifest.lock */,
				FFC73AD61FC28F5300C95C35 /* Sources */,
				FFC73AD71FC28F5300C95C35 /* Frameworks */,
				FFC73AD81FC28F5300C95C35 /* Resources */,
				5D81797EBAE5F816F97987E6 /* [CP] Embed Pods Frameworks */,
				3A108D8F7A609F0D487634FB /* [CP] Copy Pods Resources */,
			);
			buildRules = (
			);
			dependencies = (
				FFC73ADC1FC28F5300C95C35 /* PBXTargetDependency */,
			);
			name = LovketListUITests;
			productName = LovketListUITests;
			productReference = FFC73ADA1FC28F5300C95C35 /* LovketListUITests.xctest */;
			productType = "com.apple.product-type.bundle.ui-testing";
		};
/* End PBXNativeTarget section */

/* Begin PBXProject section */
		FFC73AB31FC28F5200C95C35 /* Project object */ = {
			isa = PBXProject;
			attributes = {
				LastSwiftUpdateCheck = 0900;
				LastUpgradeCheck = 0900;
				ORGANIZATIONNAME = "박현기";
				TargetAttributes = {
					FFC73ABA1FC28F5200C95C35 = {
						CreatedOnToolsVersion = 9.0;
						ProvisioningStyle = Automatic;
					};
					FFC73ACE1FC28F5300C95C35 = {
						CreatedOnToolsVersion = 9.0;
						ProvisioningStyle = Automatic;
						TestTargetID = FFC73ABA1FC28F5200C95C35;
					};
					FFC73AD91FC28F5300C95C35 = {
						CreatedOnToolsVersion = 9.0;
						ProvisioningStyle = Automatic;
						TestTargetID = FFC73ABA1FC28F5200C95C35;
					};
				};
			};
			buildConfigurationList = FFC73AB61FC28F5200C95C35 /* Build configuration list for PBXProject "LovketList" */;
			compatibilityVersion = "Xcode 8.0";
			developmentRegion = en;
			hasScannedForEncodings = 0;
			knownRegions = (
				en,
				Base,
				ko,
			);
			mainGroup = FFC73AB21FC28F5200C95C35;
			productRefGroup = FFC73ABC1FC28F5200C95C35 /* Products */;
			projectDirPath = "";
			projectRoot = "";
			targets = (
				FFC73ABA1FC28F5200C95C35 /* LovketList */,
				FFC73ACE1FC28F5300C95C35 /* LovketListTests */,
				FFC73AD91FC28F5300C95C35 /* LovketListUITests */,
			);
		};
/* End PBXProject section */

/* Begin PBXResourcesBuildPhase section */
		FFC73AB91FC28F5200C95C35 /* Resources */ = {
			isa = PBXResourcesBuildPhase;
			buildActionMask = 2147483647;
			files = (
				FF2E84E71FC7E0EB008F16F4 /* Localizable.strings in Resources */,
				FFC73AC91FC28F5200C95C35 /* LaunchScreen.storyboard in Resources */,
				FF7421DF1FCD05B30022214A /* GoogleService-Info.plist in Resources */,
				FFC73AC61FC28F5200C95C35 /* Assets.xcassets in Resources */,
				FFC73AC41FC28F5200C95C35 /* Main.storyboard in Resources */,
			);
			runOnlyForDeploymentPostprocessing = 0;
		};
		FFC73ACD1FC28F5300C95C35 /* Resources */ = {
			isa = PBXResourcesBuildPhase;
			buildActionMask = 2147483647;
			files = (
			);
			runOnlyForDeploymentPostprocessing = 0;
		};
		FFC73AD81FC28F5300C95C35 /* Resources */ = {
			isa = PBXResourcesBuildPhase;
			buildActionMask = 2147483647;
			files = (
			);
			runOnlyForDeploymentPostprocessing = 0;
		};
/* End PBXResourcesBuildPhase section */

/* Begin PBXShellScriptBuildPhase section */
		00C83B5DF19E16AF95F293BB /* [CP] Copy Pods Resources */ = {
			isa = PBXShellScriptBuildPhase;
			buildActionMask = 2147483647;
			files = (
			);
			inputPaths = (
			);
			name = "[CP] Copy Pods Resources";
			outputPaths = (
			);
			runOnlyForDeploymentPostprocessing = 0;
			shellPath = /bin/sh;
			shellScript = "\"${SRCROOT}/Pods/Target Support Files/Pods-LovketList/Pods-LovketList-resources.sh\"\n";
			showEnvVarsInLog = 0;
		};
		10A266B4B343171B11EE9241 /* [CP] Check Pods Manifest.lock */ = {
			isa = PBXShellScriptBuildPhase;
			buildActionMask = 2147483647;
			files = (
			);
			inputPaths = (
				"${PODS_PODFILE_DIR_PATH}/Podfile.lock",
				"${PODS_ROOT}/Manifest.lock",
			);
			name = "[CP] Check Pods Manifest.lock";
			outputPaths = (
				"$(DERIVED_FILE_DIR)/Pods-LovketListUITests-checkManifestLockResult.txt",
			);
			runOnlyForDeploymentPostprocessing = 0;
			shellPath = /bin/sh;
			shellScript = "diff \"${PODS_PODFILE_DIR_PATH}/Podfile.lock\" \"${PODS_ROOT}/Manifest.lock\" > /dev/null\nif [ $? != 0 ] ; then\n    # print error to STDERR\n    echo \"error: The sandbox is not in sync with the Podfile.lock. Run 'pod install' or update your CocoaPods installation.\" >&2\n    exit 1\nfi\n# This output is used by Xcode 'outputs' to avoid re-running this script phase.\necho \"SUCCESS\" > \"${SCRIPT_OUTPUT_FILE_0}\"\n";
			showEnvVarsInLog = 0;
		};
		3A108D8F7A609F0D487634FB /* [CP] Copy Pods Resources */ = {
			isa = PBXShellScriptBuildPhase;
			buildActionMask = 2147483647;
			files = (
			);
			inputPaths = (
			);
			name = "[CP] Copy Pods Resources";
			outputPaths = (
			);
			runOnlyForDeploymentPostprocessing = 0;
			shellPath = /bin/sh;
			shellScript = "\"${SRCROOT}/Pods/Target Support Files/Pods-LovketListUITests/Pods-LovketListUITests-resources.sh\"\n";
			showEnvVarsInLog = 0;
		};
		3C0A03E796C089ED60AE32DA /* [CP] Copy Pods Resources */ = {
			isa = PBXShellScriptBuildPhase;
			buildActionMask = 2147483647;
			files = (
			);
			inputPaths = (
			);
			name = "[CP] Copy Pods Resources";
			outputPaths = (
			);
			runOnlyForDeploymentPostprocessing = 0;
			shellPath = /bin/sh;
			shellScript = "\"${SRCROOT}/Pods/Target Support Files/Pods-LovketListTests/Pods-LovketListTests-resources.sh\"\n";
			showEnvVarsInLog = 0;
		};
		5D81797EBAE5F816F97987E6 /* [CP] Embed Pods Frameworks */ = {
			isa = PBXShellScriptBuildPhase;
			buildActionMask = 2147483647;
			files = (
			);
			inputPaths = (
			);
			name = "[CP] Embed Pods Frameworks";
			outputPaths = (
			);
			runOnlyForDeploymentPostprocessing = 0;
			shellPath = /bin/sh;
			shellScript = "\"${SRCROOT}/Pods/Target Support Files/Pods-LovketListUITests/Pods-LovketListUITests-frameworks.sh\"\n";
			showEnvVarsInLog = 0;
		};
		67780797CE11EEDF0E81C256 /* [CP] Check Pods Manifest.lock */ = {
			isa = PBXShellScriptBuildPhase;
			buildActionMask = 2147483647;
			files = (
			);
			inputPaths = (
				"${PODS_PODFILE_DIR_PATH}/Podfile.lock",
				"${PODS_ROOT}/Manifest.lock",
			);
			name = "[CP] Check Pods Manifest.lock";
			outputPaths = (
				"$(DERIVED_FILE_DIR)/Pods-LovketListTests-checkManifestLockResult.txt",
			);
			runOnlyForDeploymentPostprocessing = 0;
			shellPath = /bin/sh;
			shellScript = "diff \"${PODS_PODFILE_DIR_PATH}/Podfile.lock\" \"${PODS_ROOT}/Manifest.lock\" > /dev/null\nif [ $? != 0 ] ; then\n    # print error to STDERR\n    echo \"error: The sandbox is not in sync with the Podfile.lock. Run 'pod install' or update your CocoaPods installation.\" >&2\n    exit 1\nfi\n# This output is used by Xcode 'outputs' to avoid re-running this script phase.\necho \"SUCCESS\" > \"${SCRIPT_OUTPUT_FILE_0}\"\n";
			showEnvVarsInLog = 0;
		};
		7EC3B878AD0724B4A3132EE2 /* [CP] Check Pods Manifest.lock */ = {
			isa = PBXShellScriptBuildPhase;
			buildActionMask = 2147483647;
			files = (
			);
			inputPaths = (
				"${PODS_PODFILE_DIR_PATH}/Podfile.lock",
				"${PODS_ROOT}/Manifest.lock",
			);
			name = "[CP] Check Pods Manifest.lock";
			outputPaths = (
				"$(DERIVED_FILE_DIR)/Pods-LovketList-checkManifestLockResult.txt",
			);
			runOnlyForDeploymentPostprocessing = 0;
			shellPath = /bin/sh;
			shellScript = "diff \"${PODS_PODFILE_DIR_PATH}/Podfile.lock\" \"${PODS_ROOT}/Manifest.lock\" > /dev/null\nif [ $? != 0 ] ; then\n    # print error to STDERR\n    echo \"error: The sandbox is not in sync with the Podfile.lock. Run 'pod install' or update your CocoaPods installation.\" >&2\n    exit 1\nfi\n# This output is used by Xcode 'outputs' to avoid re-running this script phase.\necho \"SUCCESS\" > \"${SCRIPT_OUTPUT_FILE_0}\"\n";
			showEnvVarsInLog = 0;
		};
		DE098B65828E2CB887B8FAD2 /* [CP] Embed Pods Frameworks */ = {
			isa = PBXShellScriptBuildPhase;
			buildActionMask = 2147483647;
			files = (
			);
			inputPaths = (
				"${SRCROOT}/Pods/Target Support Files/Pods-LovketList/Pods-LovketList-frameworks.sh",
				"${BUILT_PRODUCTS_DIR}/BoringSSL/openssl.framework",
				"${BUILT_PRODUCTS_DIR}/GTMSessionFetcher/GTMSessionFetcher.framework",
				"${BUILT_PRODUCTS_DIR}/GoogleToolboxForMac/GoogleToolboxForMac.framework",
				"${BUILT_PRODUCTS_DIR}/MDFInternationalization/MDFInternationalization.framework",
				"${BUILT_PRODUCTS_DIR}/MDFTextAccessibility/MDFTextAccessibility.framework",
				"${BUILT_PRODUCTS_DIR}/MaterialComponents/MaterialComponents.framework",
				"${BUILT_PRODUCTS_DIR}/Protobuf/Protobuf.framework",
				"${BUILT_PRODUCTS_DIR}/RKDropdownAlert/RKDropdownAlert.framework",
				"${BUILT_PRODUCTS_DIR}/RMActionController/RMActionController.framework",
				"${BUILT_PRODUCTS_DIR}/RMDateSelectionViewController/RMDateSelectionViewController.framework",
				"${BUILT_PRODUCTS_DIR}/Siesta/Siesta.framework",
				"${BUILT_PRODUCTS_DIR}/SlideMenuControllerSwift/SlideMenuControllerSwift.framework",
				"${BUILT_PRODUCTS_DIR}/SpringIndicator/SpringIndicator.framework",
				"${BUILT_PRODUCTS_DIR}/Swinject/Swinject.framework",
				"${BUILT_PRODUCTS_DIR}/SwinjectStoryboard/SwinjectStoryboard.framework",
				"${BUILT_PRODUCTS_DIR}/Then/Then.framework",
				"${BUILT_PRODUCTS_DIR}/gRPC/GRPCClient.framework",
				"${BUILT_PRODUCTS_DIR}/gRPC-Core/grpc.framework",
				"${BUILT_PRODUCTS_DIR}/gRPC-ProtoRPC/ProtoRPC.framework",
				"${BUILT_PRODUCTS_DIR}/gRPC-RxLibrary/RxLibrary.framework",
				"${BUILT_PRODUCTS_DIR}/leveldb-library/leveldb.framework",
				"${BUILT_PRODUCTS_DIR}/nanopb/nanopb.framework",
			);
			name = "[CP] Embed Pods Frameworks";
			outputPaths = (
				"${TARGET_BUILD_DIR}/${FRAMEWORKS_FOLDER_PATH}/openssl.framework",
				"${TARGET_BUILD_DIR}/${FRAMEWORKS_FOLDER_PATH}/GTMSessionFetcher.framework",
				"${TARGET_BUILD_DIR}/${FRAMEWORKS_FOLDER_PATH}/GoogleToolboxForMac.framework",
				"${TARGET_BUILD_DIR}/${FRAMEWORKS_FOLDER_PATH}/MDFInternationalization.framework",
				"${TARGET_BUILD_DIR}/${FRAMEWORKS_FOLDER_PATH}/MDFTextAccessibility.framework",
				"${TARGET_BUILD_DIR}/${FRAMEWORKS_FOLDER_PATH}/MaterialComponents.framework",
				"${TARGET_BUILD_DIR}/${FRAMEWORKS_FOLDER_PATH}/Protobuf.framework",
				"${TARGET_BUILD_DIR}/${FRAMEWORKS_FOLDER_PATH}/RKDropdownAlert.framework",
				"${TARGET_BUILD_DIR}/${FRAMEWORKS_FOLDER_PATH}/RMActionController.framework",
				"${TARGET_BUILD_DIR}/${FRAMEWORKS_FOLDER_PATH}/RMDateSelectionViewController.framework",
				"${TARGET_BUILD_DIR}/${FRAMEWORKS_FOLDER_PATH}/Siesta.framework",
				"${TARGET_BUILD_DIR}/${FRAMEWORKS_FOLDER_PATH}/SlideMenuControllerSwift.framework",
				"${TARGET_BUILD_DIR}/${FRAMEWORKS_FOLDER_PATH}/SpringIndicator.framework",
				"${TARGET_BUILD_DIR}/${FRAMEWORKS_FOLDER_PATH}/Swinject.framework",
				"${TARGET_BUILD_DIR}/${FRAMEWORKS_FOLDER_PATH}/SwinjectStoryboard.framework",
				"${TARGET_BUILD_DIR}/${FRAMEWORKS_FOLDER_PATH}/Then.framework",
				"${TARGET_BUILD_DIR}/${FRAMEWORKS_FOLDER_PATH}/GRPCClient.framework",
				"${TARGET_BUILD_DIR}/${FRAMEWORKS_FOLDER_PATH}/grpc.framework",
				"${TARGET_BUILD_DIR}/${FRAMEWORKS_FOLDER_PATH}/ProtoRPC.framework",
				"${TARGET_BUILD_DIR}/${FRAMEWORKS_FOLDER_PATH}/RxLibrary.framework",
				"${TARGET_BUILD_DIR}/${FRAMEWORKS_FOLDER_PATH}/leveldb.framework",
				"${TARGET_BUILD_DIR}/${FRAMEWORKS_FOLDER_PATH}/nanopb.framework",
			);
			runOnlyForDeploymentPostprocessing = 0;
			shellPath = /bin/sh;
			shellScript = "\"${SRCROOT}/Pods/Target Support Files/Pods-LovketList/Pods-LovketList-frameworks.sh\"\n";
			showEnvVarsInLog = 0;
		};
		EBF19CC568E8A51838655B8D /* [CP] Embed Pods Frameworks */ = {
			isa = PBXShellScriptBuildPhase;
			buildActionMask = 2147483647;
			files = (
			);
			inputPaths = (
			);
			name = "[CP] Embed Pods Frameworks";
			outputPaths = (
			);
			runOnlyForDeploymentPostprocessing = 0;
			shellPath = /bin/sh;
			shellScript = "\"${SRCROOT}/Pods/Target Support Files/Pods-LovketListTests/Pods-LovketListTests-frameworks.sh\"\n";
			showEnvVarsInLog = 0;
		};
/* End PBXShellScriptBuildPhase section */

/* Begin PBXSourcesBuildPhase section */
		FFC73AB71FC28F5200C95C35 /* Sources */ = {
			isa = PBXSourcesBuildPhase;
			buildActionMask = 2147483647;
			files = (
				FF3FDD511FC4552000668A10 /* MoreListViewController.swift in Sources */,
				FFFAD5591FC7DE5B0040BF1F /* StringExt.swift in Sources */,
				FFC1FEDD1FC42823001E514D /* UIExt.swift in Sources */,
				FF1D53D41FCACE4D00F09847 /* NotificationDrawerViewController.swift in Sources */,
				FFD66A491FC5CAAA00BB4EF6 /* FirebaseExt.swift in Sources */,
				FF7421DC1FCC7BCF0022214A /* CheckGroupViewController.swift in Sources */,
				FF1D53D61FCACE6400F09847 /* NavigationDrawerViewController.swift in Sources */,
				FFD66A421FC5C83800BB4EF6 /* FirebaseModel.swift in Sources */,
				FFD66A401FC5C7C900BB4EF6 /* Group.swift in Sources */,
				FFC73AF71FC3D98200C95C35 /* DependencyInjector.swift in Sources */,
				FFEACAAF1FCC13E10083C3A3 /* GradientView.swift in Sources */,
				FF92F27F1FD0002800AD1428 /* InjectableModules.swift in Sources */,
				FF6EC59B1FCDAA2000817A7E /* ImageSaver.swift in Sources */,
				FFC1FEDB1FC40708001E514D /* InjectableStoryboards.swift in Sources */,
				FF72C7ED1FCE75DE00E52FE1 /* CalendarUtil.swift in Sources */,
				FFD66A4B1FC5CD1600BB4EF6 /* GroupRepository.swift in Sources */,
				FF5439991FC92A8C00486D5F /* LovketHeaderItemCell.swift in Sources */,
				FFC73AF51FC3D95500C95C35 /* MainViewController.swift in Sources */,
				FFC73AC11FC28F5200C95C35 /* LoginViewController.swift in Sources */,
				FFEC50901FC8FC7500B713CA /* LovketListItemCell.swift in Sources */,
				FFC73ABF1FC28F5200C95C35 /* AppDelegate.swift in Sources */,
				FF1A90081FCDC92500853E00 /* AddViewController.swift in Sources */,
				FFC1FED71FC405FA001E514D /* Module.swift in Sources */,
				FF1D53D21FCACE1E00F09847 /* ListContainerViewController.swift in Sources */,
				CF6A4CDBC7B111BDAEEFAB79 /* User.swift in Sources */,
				CF6A4455AD9A207F3ABB65C5 /* Lovket.swift in Sources */,
				CF6A4340413738B166B09167 /* AuthManager.swift in Sources */,
				CF6A40E70E43AA0D27C82AB3 /* UserRepository.swift in Sources */,
				FFCBC20F1FCA84A900925441 /* DummyData.swift in Sources */,
				CF6A4D25A2983D593AE8A638 /* LovketRepository.swift in Sources */,
				FF7421E11FCD579A0022214A /* DetailViewController.swift in Sources */,
			);
			runOnlyForDeploymentPostprocessing = 0;
		};
		FFC73ACB1FC28F5300C95C35 /* Sources */ = {
			isa = PBXSourcesBuildPhase;
			buildActionMask = 2147483647;
			files = (
				FFC73AD41FC28F5300C95C35 /* LovketListTests.swift in Sources */,
			);
			runOnlyForDeploymentPostprocessing = 0;
		};
		FFC73AD61FC28F5300C95C35 /* Sources */ = {
			isa = PBXSourcesBuildPhase;
			buildActionMask = 2147483647;
			files = (
				FFC73ADF1FC28F5300C95C35 /* LovketListUITests.swift in Sources */,
			);
			runOnlyForDeploymentPostprocessing = 0;
		};
/* End PBXSourcesBuildPhase section */

/* Begin PBXTargetDependency section */
		FFC73AD11FC28F5300C95C35 /* PBXTargetDependency */ = {
			isa = PBXTargetDependency;
			target = FFC73ABA1FC28F5200C95C35 /* LovketList */;
			targetProxy = FFC73AD01FC28F5300C95C35 /* PBXContainerItemProxy */;
		};
		FFC73ADC1FC28F5300C95C35 /* PBXTargetDependency */ = {
			isa = PBXTargetDependency;
			target = FFC73ABA1FC28F5200C95C35 /* LovketList */;
			targetProxy = FFC73ADB1FC28F5300C95C35 /* PBXContainerItemProxy */;
		};
/* End PBXTargetDependency section */

/* Begin PBXVariantGroup section */
		FF2E84E91FC7E0EB008F16F4 /* Localizable.strings */ = {
			isa = PBXVariantGroup;
			children = (
				FF2E84E81FC7E0EB008F16F4 /* ko */,
				FF2E84EA1FC7E0EF008F16F4 /* en */,
			);
			name = Localizable.strings;
			sourceTree = "<group>";
		};
		FFC73AC21FC28F5200C95C35 /* Main.storyboard */ = {
			isa = PBXVariantGroup;
			children = (
				FFC73AC31FC28F5200C95C35 /* Base */,
				FFB217FA1FC7E1E200699F12 /* en */,
				FFB217FC1FC7E1E800699F12 /* ko */,
			);
			name = Main.storyboard;
			sourceTree = "<group>";
		};
		FFC73AC71FC28F5200C95C35 /* LaunchScreen.storyboard */ = {
			isa = PBXVariantGroup;
			children = (
				FFC73AC81FC28F5200C95C35 /* Base */,
				FFD66A381FC58FC700BB4EF6 /* ko */,
				FFD66A3A1FC5907B00BB4EF6 /* en */,
			);
			name = LaunchScreen.storyboard;
			sourceTree = "<group>";
		};
/* End PBXVariantGroup section */

/* Begin XCBuildConfiguration section */
		FFC73AE11FC28F5300C95C35 /* Debug */ = {
			isa = XCBuildConfiguration;
			buildSettings = {
				ALWAYS_SEARCH_USER_PATHS = NO;
				CLANG_ANALYZER_LOCALIZABILITY_NONLOCALIZED = YES;
				CLANG_ANALYZER_NONNULL = YES;
				CLANG_ANALYZER_NUMBER_OBJECT_CONVERSION = YES_AGGRESSIVE;
				CLANG_CXX_LANGUAGE_STANDARD = "gnu++14";
				CLANG_CXX_LIBRARY = "libc++";
				CLANG_ENABLE_MODULES = YES;
				CLANG_ENABLE_OBJC_ARC = YES;
				CLANG_WARN_BLOCK_CAPTURE_AUTORELEASING = YES;
				CLANG_WARN_BOOL_CONVERSION = YES;
				CLANG_WARN_COMMA = YES;
				CLANG_WARN_CONSTANT_CONVERSION = YES;
				CLANG_WARN_DIRECT_OBJC_ISA_USAGE = YES_ERROR;
				CLANG_WARN_DOCUMENTATION_COMMENTS = YES;
				CLANG_WARN_EMPTY_BODY = YES;
				CLANG_WARN_ENUM_CONVERSION = YES;
				CLANG_WARN_INFINITE_RECURSION = YES;
				CLANG_WARN_INT_CONVERSION = YES;
				CLANG_WARN_NON_LITERAL_NULL_CONVERSION = YES;
				CLANG_WARN_OBJC_LITERAL_CONVERSION = YES;
				CLANG_WARN_OBJC_ROOT_CLASS = YES_ERROR;
				CLANG_WARN_RANGE_LOOP_ANALYSIS = YES;
				CLANG_WARN_STRICT_PROTOTYPES = YES;
				CLANG_WARN_SUSPICIOUS_MOVE = YES;
				CLANG_WARN_UNGUARDED_AVAILABILITY = YES_AGGRESSIVE;
				CLANG_WARN_UNREACHABLE_CODE = YES;
				CLANG_WARN__DUPLICATE_METHOD_MATCH = YES;
				CODE_SIGN_IDENTITY = "iPhone Developer";
				COPY_PHASE_STRIP = NO;
				DEBUG_INFORMATION_FORMAT = dwarf;
				ENABLE_STRICT_OBJC_MSGSEND = YES;
				ENABLE_TESTABILITY = YES;
				GCC_C_LANGUAGE_STANDARD = gnu11;
				GCC_DYNAMIC_NO_PIC = NO;
				GCC_NO_COMMON_BLOCKS = YES;
				GCC_OPTIMIZATION_LEVEL = 0;
				GCC_PREPROCESSOR_DEFINITIONS = (
					"DEBUG=1",
					"$(inherited)",
				);
				GCC_WARN_64_TO_32_BIT_CONVERSION = YES;
				GCC_WARN_ABOUT_RETURN_TYPE = YES_ERROR;
				GCC_WARN_UNDECLARED_SELECTOR = YES;
				GCC_WARN_UNINITIALIZED_AUTOS = YES_AGGRESSIVE;
				GCC_WARN_UNUSED_FUNCTION = YES;
				GCC_WARN_UNUSED_VARIABLE = YES;
				IPHONEOS_DEPLOYMENT_TARGET = 9.2;
				MTL_ENABLE_DEBUG_INFO = YES;
				ONLY_ACTIVE_ARCH = YES;
				SDKROOT = iphoneos;
				SWIFT_ACTIVE_COMPILATION_CONDITIONS = DEBUG;
				SWIFT_OPTIMIZATION_LEVEL = "-Onone";
			};
			name = Debug;
		};
		FFC73AE21FC28F5300C95C35 /* Release */ = {
			isa = XCBuildConfiguration;
			buildSettings = {
				ALWAYS_SEARCH_USER_PATHS = NO;
				CLANG_ANALYZER_LOCALIZABILITY_NONLOCALIZED = YES;
				CLANG_ANALYZER_NONNULL = YES;
				CLANG_ANALYZER_NUMBER_OBJECT_CONVERSION = YES_AGGRESSIVE;
				CLANG_CXX_LANGUAGE_STANDARD = "gnu++14";
				CLANG_CXX_LIBRARY = "libc++";
				CLANG_ENABLE_MODULES = YES;
				CLANG_ENABLE_OBJC_ARC = YES;
				CLANG_WARN_BLOCK_CAPTURE_AUTORELEASING = YES;
				CLANG_WARN_BOOL_CONVERSION = YES;
				CLANG_WARN_COMMA = YES;
				CLANG_WARN_CONSTANT_CONVERSION = YES;
				CLANG_WARN_DIRECT_OBJC_ISA_USAGE = YES_ERROR;
				CLANG_WARN_DOCUMENTATION_COMMENTS = YES;
				CLANG_WARN_EMPTY_BODY = YES;
				CLANG_WARN_ENUM_CONVERSION = YES;
				CLANG_WARN_INFINITE_RECURSION = YES;
				CLANG_WARN_INT_CONVERSION = YES;
				CLANG_WARN_NON_LITERAL_NULL_CONVERSION = YES;
				CLANG_WARN_OBJC_LITERAL_CONVERSION = YES;
				CLANG_WARN_OBJC_ROOT_CLASS = YES_ERROR;
				CLANG_WARN_RANGE_LOOP_ANALYSIS = YES;
				CLANG_WARN_STRICT_PROTOTYPES = YES;
				CLANG_WARN_SUSPICIOUS_MOVE = YES;
				CLANG_WARN_UNGUARDED_AVAILABILITY = YES_AGGRESSIVE;
				CLANG_WARN_UNREACHABLE_CODE = YES;
				CLANG_WARN__DUPLICATE_METHOD_MATCH = YES;
				CODE_SIGN_IDENTITY = "iPhone Developer";
				COPY_PHASE_STRIP = NO;
				DEBUG_INFORMATION_FORMAT = "dwarf-with-dsym";
				ENABLE_NS_ASSERTIONS = NO;
				ENABLE_STRICT_OBJC_MSGSEND = YES;
				GCC_C_LANGUAGE_STANDARD = gnu11;
				GCC_NO_COMMON_BLOCKS = YES;
				GCC_WARN_64_TO_32_BIT_CONVERSION = YES;
				GCC_WARN_ABOUT_RETURN_TYPE = YES_ERROR;
				GCC_WARN_UNDECLARED_SELECTOR = YES;
				GCC_WARN_UNINITIALIZED_AUTOS = YES_AGGRESSIVE;
				GCC_WARN_UNUSED_FUNCTION = YES;
				GCC_WARN_UNUSED_VARIABLE = YES;
				IPHONEOS_DEPLOYMENT_TARGET = 9.2;
				MTL_ENABLE_DEBUG_INFO = NO;
				SDKROOT = iphoneos;
				SWIFT_OPTIMIZATION_LEVEL = "-Owholemodule";
				VALIDATE_PRODUCT = YES;
			};
			name = Release;
		};
		FFC73AE41FC28F5300C95C35 /* Debug */ = {
			isa = XCBuildConfiguration;
			baseConfigurationReference = 2901447AF2DABA1C0097E3B1 /* Pods-LovketList.debug.xcconfig */;
			buildSettings = {
				ASSETCATALOG_COMPILER_APPICON_NAME = AppIcon;
				"CODE_SIGN_IDENTITY[sdk=iphoneos*]" = "iPhone Developer";
				CODE_SIGN_STYLE = Automatic;
				DEVELOPMENT_TEAM = HFHA6YB7W3;
				FRAMEWORK_SEARCH_PATHS = (
					"$(inherited)",
					"$(PROJECT_DIR)",
				);
				INFOPLIST_FILE = LovketList/Info.plist;
				IPHONEOS_DEPLOYMENT_TARGET = 10.0;
				LD_RUNPATH_SEARCH_PATHS = "$(inherited) @executable_path/Frameworks";
				OTHER_LDFLAGS = (
					"-all_load",
					"$(inherited)",
				);
				PRODUCT_BUNDLE_IDENTIFIER = com.chemy.lovketList;
				PRODUCT_NAME = "$(TARGET_NAME)";
				PROVISIONING_PROFILE_SPECIFIER = "";
				SWIFT_OBJC_BRIDGING_HEADER = "";
				SWIFT_VERSION = 4.0;
				TARGETED_DEVICE_FAMILY = "1,2";
			};
			name = Debug;
		};
		FFC73AE51FC28F5300C95C35 /* Release */ = {
			isa = XCBuildConfiguration;
			baseConfigurationReference = C32B53EDD06F5D4B6D5BD326 /* Pods-LovketList.release.xcconfig */;
			buildSettings = {
				ASSETCATALOG_COMPILER_APPICON_NAME = AppIcon;
				"CODE_SIGN_IDENTITY[sdk=iphoneos*]" = "iPhone Developer";
				CODE_SIGN_STYLE = Automatic;
				DEVELOPMENT_TEAM = HFHA6YB7W3;
				FRAMEWORK_SEARCH_PATHS = (
					"$(inherited)",
					"$(PROJECT_DIR)",
				);
				INFOPLIST_FILE = LovketList/Info.plist;
				IPHONEOS_DEPLOYMENT_TARGET = 10.0;
				LD_RUNPATH_SEARCH_PATHS = "$(inherited) @executable_path/Frameworks";
				OTHER_LDFLAGS = (
					"-all_load",
					"$(inherited)",
				);
				PRODUCT_BUNDLE_IDENTIFIER = com.chemy.lovketList;
				PRODUCT_NAME = "$(TARGET_NAME)";
				PROVISIONING_PROFILE_SPECIFIER = "";
				SWIFT_OBJC_BRIDGING_HEADER = "";
				SWIFT_VERSION = 4.0;
				TARGETED_DEVICE_FAMILY = "1,2";
			};
			name = Release;
		};
		FFC73AE71FC28F5300C95C35 /* Debug */ = {
			isa = XCBuildConfiguration;
			baseConfigurationReference = 9109914BE25B686C8688A61D /* Pods-LovketListTests.debug.xcconfig */;
			buildSettings = {
				ALWAYS_EMBED_SWIFT_STANDARD_LIBRARIES = YES;
				BUNDLE_LOADER = "$(TEST_HOST)";
				CODE_SIGN_STYLE = Automatic;
				DEVELOPMENT_TEAM = HFHA6YB7W3;
				INFOPLIST_FILE = LovketListTests/Info.plist;
				LD_RUNPATH_SEARCH_PATHS = "$(inherited) @executable_path/Frameworks @loader_path/Frameworks";
				PRODUCT_BUNDLE_IDENTIFIER = com.cameet.LovketListTests;
				PRODUCT_NAME = "$(TARGET_NAME)";
				SWIFT_VERSION = 4.0;
				TARGETED_DEVICE_FAMILY = "1,2";
				TEST_HOST = "$(BUILT_PRODUCTS_DIR)/LovketList.app/LovketList";
			};
			name = Debug;
		};
		FFC73AE81FC28F5300C95C35 /* Release */ = {
			isa = XCBuildConfiguration;
			baseConfigurationReference = 058A2CC9586F17D5D9302E57 /* Pods-LovketListTests.release.xcconfig */;
			buildSettings = {
				ALWAYS_EMBED_SWIFT_STANDARD_LIBRARIES = YES;
				BUNDLE_LOADER = "$(TEST_HOST)";
				CODE_SIGN_STYLE = Automatic;
				DEVELOPMENT_TEAM = HFHA6YB7W3;
				INFOPLIST_FILE = LovketListTests/Info.plist;
				LD_RUNPATH_SEARCH_PATHS = "$(inherited) @executable_path/Frameworks @loader_path/Frameworks";
				PRODUCT_BUNDLE_IDENTIFIER = com.cameet.LovketListTests;
				PRODUCT_NAME = "$(TARGET_NAME)";
				SWIFT_VERSION = 4.0;
				TARGETED_DEVICE_FAMILY = "1,2";
				TEST_HOST = "$(BUILT_PRODUCTS_DIR)/LovketList.app/LovketList";
			};
			name = Release;
		};
		FFC73AEA1FC28F5300C95C35 /* Debug */ = {
			isa = XCBuildConfiguration;
			baseConfigurationReference = 0A96244942EAB1670BD29EDA /* Pods-LovketListUITests.debug.xcconfig */;
			buildSettings = {
				ALWAYS_EMBED_SWIFT_STANDARD_LIBRARIES = YES;
				CODE_SIGN_STYLE = Automatic;
				DEVELOPMENT_TEAM = HFHA6YB7W3;
				INFOPLIST_FILE = LovketListUITests/Info.plist;
				LD_RUNPATH_SEARCH_PATHS = "$(inherited) @executable_path/Frameworks @loader_path/Frameworks";
				PRODUCT_BUNDLE_IDENTIFIER = com.cameet.LovketListUITests;
				PRODUCT_NAME = "$(TARGET_NAME)";
				SWIFT_VERSION = 4.0;
				TARGETED_DEVICE_FAMILY = "1,2";
				TEST_TARGET_NAME = LovketList;
			};
			name = Debug;
		};
		FFC73AEB1FC28F5300C95C35 /* Release */ = {
			isa = XCBuildConfiguration;
			baseConfigurationReference = 6726FABCAB41FBA3D22A29F8 /* Pods-LovketListUITests.release.xcconfig */;
			buildSettings = {
				ALWAYS_EMBED_SWIFT_STANDARD_LIBRARIES = YES;
				CODE_SIGN_STYLE = Automatic;
				DEVELOPMENT_TEAM = HFHA6YB7W3;
				INFOPLIST_FILE = LovketListUITests/Info.plist;
				LD_RUNPATH_SEARCH_PATHS = "$(inherited) @executable_path/Frameworks @loader_path/Frameworks";
				PRODUCT_BUNDLE_IDENTIFIER = com.cameet.LovketListUITests;
				PRODUCT_NAME = "$(TARGET_NAME)";
				SWIFT_VERSION = 4.0;
				TARGETED_DEVICE_FAMILY = "1,2";
				TEST_TARGET_NAME = LovketList;
			};
			name = Release;
		};
/* End XCBuildConfiguration section */

/* Begin XCConfigurationList section */
		FFC73AB61FC28F5200C95C35 /* Build configuration list for PBXProject "LovketList" */ = {
			isa = XCConfigurationList;
			buildConfigurations = (
				FFC73AE11FC28F5300C95C35 /* Debug */,
				FFC73AE21FC28F5300C95C35 /* Release */,
			);
			defaultConfigurationIsVisible = 0;
			defaultConfigurationName = Release;
		};
		FFC73AE31FC28F5300C95C35 /* Build configuration list for PBXNativeTarget "LovketList" */ = {
			isa = XCConfigurationList;
			buildConfigurations = (
				FFC73AE41FC28F5300C95C35 /* Debug */,
				FFC73AE51FC28F5300C95C35 /* Release */,
			);
			defaultConfigurationIsVisible = 0;
			defaultConfigurationName = Release;
		};
		FFC73AE61FC28F5300C95C35 /* Build configuration list for PBXNativeTarget "LovketListTests" */ = {
			isa = XCConfigurationList;
			buildConfigurations = (
				FFC73AE71FC28F5300C95C35 /* Debug */,
				FFC73AE81FC28F5300C95C35 /* Release */,
			);
			defaultConfigurationIsVisible = 0;
			defaultConfigurationName = Release;
		};
		FFC73AE91FC28F5300C95C35 /* Build configuration list for PBXNativeTarget "LovketListUITests" */ = {
			isa = XCConfigurationList;
			buildConfigurations = (
				FFC73AEA1FC28F5300C95C35 /* Debug */,
				FFC73AEB1FC28F5300C95C35 /* Release */,
			);
			defaultConfigurationIsVisible = 0;
			defaultConfigurationName = Release;
		};
/* End XCConfigurationList section */
	};
	rootObject = FFC73AB31FC28F5200C95C35 /* Project object */;
}
